PODS:
  - HTMLKit (2.1.5)
  - SUAI (1.0.2):
    - HTMLKit

DEPENDENCIES:
  - HTMLKit
  - SUAI (from `../`)

SPEC REPOS:
  https://github.com/cocoapods/specs.git:
    - HTMLKit

EXTERNAL SOURCES:
  SUAI:
    :path: "../"

SPEC CHECKSUMS:
  HTMLKit: 91dbd983c94f264c6ddea27d317f5a66368dd20b
  SUAI: 76e27f681b28bd7f61f0dc5ebe99d29d2a4d03a6

PODFILE CHECKSUM: ca612aa0009050d005eb39732ff255d39cade47c

COCOAPODS: 1.5.3
