PODS:
  - HTMLKit (2.1.5)
  - SUAISchedule (0.1.5):
    - HTMLKit

DEPENDENCIES:
  - HTMLKit
  - SUAISchedule (from `../`)

SPEC REPOS:
  https://github.com/cocoapods/specs.git:
    - HTMLKit

EXTERNAL SOURCES:
  SUAISchedule:
    :path: "../"

SPEC CHECKSUMS:
  HTMLKit: 91dbd983c94f264c6ddea27d317f5a66368dd20b
  SUAISchedule: df15ae544c5d2fda019312faa6446c8144406c58

PODFILE CHECKSUM: 835d29b6a7db58c8e49c4ee44acd912ec831ae77

COCOAPODS: 1.5.3
