PODS:
  - HTMLKit (2.1.5)
  - SUAI (0.1.5):
    - HTMLKit

DEPENDENCIES:
  - HTMLKit
  - SUAI (from `../`)

SPEC REPOS:
  https://github.com/cocoapods/specs.git:
    - HTMLKit

EXTERNAL SOURCES:
  SUAI:
    :path: "../"

SPEC CHECKSUMS:
  HTMLKit: 91dbd983c94f264c6ddea27d317f5a66368dd20b
  SUAI: 062428ca4680ea16e5339935774159fbeb8f8441

PODFILE CHECKSUM: 8e55101ec97a93b95f5b62d0a52b0fee780a1249

COCOAPODS: 1.5.3
